
Microsoft Visual Studio Solution File, Format Version 12.00
# Visual Studio 15
VisualStudioVersion = 15.0.28010.2041
MinimumVisualStudioVersion = 10.0.40219.1
Project("{2150E333-8FDC-42A3-9474-1A3956D46DE8}") = "Pubs", "Pubs", "{C42AF4D2-562A-4241-9137-0202B54579A2}"
EndProject
Project("{2150E333-8FDC-42A3-9474-1A3956D46DE8}") = "Subs", "Subs", "{E50811F3-B62A-4CB3-BF06-F3039BF7E12F}"
EndProject
Project("{9A19103F-16F7-4668-BE54-9A1E7A4F7556}") = "OneToOnePub", "OneToOnePub\OneToOnePub.csproj", "{B0F4F473-E576-4FBB-ACAB-2BC9C19B6151}"
EndProject
Project("{9A19103F-16F7-4668-BE54-9A1E7A4F7556}") = "OneToOneSub", "OneToOneSub\OneToOneSub.csproj", "{739AAB9B-6779-4527-8F43-A248A1700E14}"
EndProject
Project("{9A19103F-16F7-4668-BE54-9A1E7A4F7556}") = "WorkerPub", "WorkerPub\WorkerPub.csproj", "{4FB34E19-0107-4065-9265-99FDB938223D}"
EndProject
Project("{9A19103F-16F7-4668-BE54-9A1E7A4F7556}") = "WorkerSub", "WorkerSub\WorkerSub.csproj", "{84302C63-EE8F-4152-941D-55D0C79698C7}"
EndProject
Project("{9A19103F-16F7-4668-BE54-9A1E7A4F7556}") = "FanOutPub", "FanOutPub\FanOutPub.csproj", "{DC322586-8107-4992-967A-DD115747454C}"
EndProject
Project("{9A19103F-16F7-4668-BE54-9A1E7A4F7556}") = "FanOutSub", "FanOutSub\FanOutSub.csproj", "{4595A2D3-A878-47D7-AC1A-F65564308FDA}"
EndProject
Project("{9A19103F-16F7-4668-BE54-9A1E7A4F7556}") = "DirectPub", "DirectPub\DirectPub.csproj", "{7E2D8E02-19B6-4DED-9295-A3612D3BFF7F}"
EndProject
Project("{9A19103F-16F7-4668-BE54-9A1E7A4F7556}") = "DirectSub", "DirectSub\DirectSub.csproj", "{19CCBF29-352C-48BF-B09D-5E20D4257246}"
EndProject
Project("{9A19103F-16F7-4668-BE54-9A1E7A4F7556}") = "TopicPub", "TopicPub\TopicPub.csproj", "{D8DA7F9B-84A2-4022-A69D-D5746956E9ED}"
EndProject
Project("{9A19103F-16F7-4668-BE54-9A1E7A4F7556}") = "TopicSub", "TopicSub\TopicSub.csproj", "{5BA045F3-1B59-4CCE-B030-ADE6A1AC86A8}"
EndProject
Project("{FAE04EC0-301F-11D3-BF4B-00C04F79EFBC}") = "HeadersPub", "HeadersPub\HeadersPub.csproj", "{981AA99B-A0A7-4F8B-86CD-FE0D298BE364}"
EndProject
Project("{FAE04EC0-301F-11D3-BF4B-00C04F79EFBC}") = "HeadersSub", "HeadersSub\HeadersSub.csproj", "{8B9698A1-DCDD-46C7-BA91-A123BD6A025A}"
EndProject
Global
	GlobalSection(SolutionConfigurationPlatforms) = preSolution
		Debug|Any CPU = Debug|Any CPU
		Release|Any CPU = Release|Any CPU
	EndGlobalSection
	GlobalSection(ProjectConfigurationPlatforms) = postSolution
		{B0F4F473-E576-4FBB-ACAB-2BC9C19B6151}.Debug|Any CPU.ActiveCfg = Debug|Any CPU
		{B0F4F473-E576-4FBB-ACAB-2BC9C19B6151}.Debug|Any CPU.Build.0 = Debug|Any CPU
		{B0F4F473-E576-4FBB-ACAB-2BC9C19B6151}.Release|Any CPU.ActiveCfg = Release|Any CPU
		{B0F4F473-E576-4FBB-ACAB-2BC9C19B6151}.Release|Any CPU.Build.0 = Release|Any CPU
		{739AAB9B-6779-4527-8F43-A248A1700E14}.Debug|Any CPU.ActiveCfg = Debug|Any CPU
		{739AAB9B-6779-4527-8F43-A248A1700E14}.Debug|Any CPU.Build.0 = Debug|Any CPU
		{739AAB9B-6779-4527-8F43-A248A1700E14}.Release|Any CPU.ActiveCfg = Release|Any CPU
		{739AAB9B-6779-4527-8F43-A248A1700E14}.Release|Any CPU.Build.0 = Release|Any CPU
		{4FB34E19-0107-4065-9265-99FDB938223D}.Debug|Any CPU.ActiveCfg = Debug|Any CPU
		{4FB34E19-0107-4065-9265-99FDB938223D}.Debug|Any CPU.Build.0 = Debug|Any CPU
		{4FB34E19-0107-4065-9265-99FDB938223D}.Release|Any CPU.ActiveCfg = Release|Any CPU
		{4FB34E19-0107-4065-9265-99FDB938223D}.Release|Any CPU.Build.0 = Release|Any CPU
		{84302C63-EE8F-4152-941D-55D0C79698C7}.Debug|Any CPU.ActiveCfg = Debug|Any CPU
		{84302C63-EE8F-4152-941D-55D0C79698C7}.Debug|Any CPU.Build.0 = Debug|Any CPU
		{84302C63-EE8F-4152-941D-55D0C79698C7}.Release|Any CPU.ActiveCfg = Release|Any CPU
		{84302C63-EE8F-4152-941D-55D0C79698C7}.Release|Any CPU.Build.0 = Release|Any CPU
		{DC322586-8107-4992-967A-DD115747454C}.Debug|Any CPU.ActiveCfg = Debug|Any CPU
		{DC322586-8107-4992-967A-DD115747454C}.Debug|Any CPU.Build.0 = Debug|Any CPU
		{DC322586-8107-4992-967A-DD115747454C}.Release|Any CPU.ActiveCfg = Release|Any CPU
		{DC322586-8107-4992-967A-DD115747454C}.Release|Any CPU.Build.0 = Release|Any CPU
		{4595A2D3-A878-47D7-AC1A-F65564308FDA}.Debug|Any CPU.ActiveCfg = Debug|Any CPU
		{4595A2D3-A878-47D7-AC1A-F65564308FDA}.Debug|Any CPU.Build.0 = Debug|Any CPU
		{4595A2D3-A878-47D7-AC1A-F65564308FDA}.Release|Any CPU.ActiveCfg = Release|Any CPU
		{4595A2D3-A878-47D7-AC1A-F65564308FDA}.Release|Any CPU.Build.0 = Release|Any CPU
		{7E2D8E02-19B6-4DED-9295-A3612D3BFF7F}.Debug|Any CPU.ActiveCfg = Debug|Any CPU
		{7E2D8E02-19B6-4DED-9295-A3612D3BFF7F}.Debug|Any CPU.Build.0 = Debug|Any CPU
		{7E2D8E02-19B6-4DED-9295-A3612D3BFF7F}.Release|Any CPU.ActiveCfg = Release|Any CPU
		{7E2D8E02-19B6-4DED-9295-A3612D3BFF7F}.Release|Any CPU.Build.0 = Release|Any CPU
		{19CCBF29-352C-48BF-B09D-5E20D4257246}.Debug|Any CPU.ActiveCfg = Debug|Any CPU
		{19CCBF29-352C-48BF-B09D-5E20D4257246}.Debug|Any CPU.Build.0 = Debug|Any CPU
		{19CCBF29-352C-48BF-B09D-5E20D4257246}.Release|Any CPU.ActiveCfg = Release|Any CPU
		{19CCBF29-352C-48BF-B09D-5E20D4257246}.Release|Any CPU.Build.0 = Release|Any CPU
		{D8DA7F9B-84A2-4022-A69D-D5746956E9ED}.Debug|Any CPU.ActiveCfg = Debug|Any CPU
		{D8DA7F9B-84A2-4022-A69D-D5746956E9ED}.Debug|Any CPU.Build.0 = Debug|Any CPU
		{D8DA7F9B-84A2-4022-A69D-D5746956E9ED}.Release|Any CPU.ActiveCfg = Release|Any CPU
		{D8DA7F9B-84A2-4022-A69D-D5746956E9ED}.Release|Any CPU.Build.0 = Release|Any CPU
		{5BA045F3-1B59-4CCE-B030-ADE6A1AC86A8}.Debug|Any CPU.ActiveCfg = Debug|Any CPU
		{5BA045F3-1B59-4CCE-B030-ADE6A1AC86A8}.Debug|Any CPU.Build.0 = Debug|Any CPU
		{5BA045F3-1B59-4CCE-B030-ADE6A1AC86A8}.Release|Any CPU.ActiveCfg = Release|Any CPU
		{5BA045F3-1B59-4CCE-B030-ADE6A1AC86A8}.Release|Any CPU.Build.0 = Release|Any CPU
		{981AA99B-A0A7-4F8B-86CD-FE0D298BE364}.Debug|Any CPU.ActiveCfg = Debug|Any CPU
		{981AA99B-A0A7-4F8B-86CD-FE0D298BE364}.Debug|Any CPU.Build.0 = Debug|Any CPU
		{981AA99B-A0A7-4F8B-86CD-FE0D298BE364}.Release|Any CPU.ActiveCfg = Release|Any CPU
		{981AA99B-A0A7-4F8B-86CD-FE0D298BE364}.Release|Any CPU.Build.0 = Release|Any CPU
		{8B9698A1-DCDD-46C7-BA91-A123BD6A025A}.Debug|Any CPU.ActiveCfg = Debug|Any CPU
		{8B9698A1-DCDD-46C7-BA91-A123BD6A025A}.Debug|Any CPU.Build.0 = Debug|Any CPU
		{8B9698A1-DCDD-46C7-BA91-A123BD6A025A}.Release|Any CPU.ActiveCfg = Release|Any CPU
		{8B9698A1-DCDD-46C7-BA91-A123BD6A025A}.Release|Any CPU.Build.0 = Release|Any CPU
	EndGlobalSection
	GlobalSection(SolutionProperties) = preSolution
		HideSolutionNode = FALSE
	EndGlobalSection
	GlobalSection(NestedProjects) = preSolution
		{B0F4F473-E576-4FBB-ACAB-2BC9C19B6151} = {C42AF4D2-562A-4241-9137-0202B54579A2}
		{739AAB9B-6779-4527-8F43-A248A1700E14} = {E50811F3-B62A-4CB3-BF06-F3039BF7E12F}
		{4FB34E19-0107-4065-9265-99FDB938223D} = {C42AF4D2-562A-4241-9137-0202B54579A2}
		{84302C63-EE8F-4152-941D-55D0C79698C7} = {E50811F3-B62A-4CB3-BF06-F3039BF7E12F}
		{DC322586-8107-4992-967A-DD115747454C} = {C42AF4D2-562A-4241-9137-0202B54579A2}
		{4595A2D3-A878-47D7-AC1A-F65564308FDA} = {E50811F3-B62A-4CB3-BF06-F3039BF7E12F}
		{7E2D8E02-19B6-4DED-9295-A3612D3BFF7F} = {C42AF4D2-562A-4241-9137-0202B54579A2}
		{19CCBF29-352C-48BF-B09D-5E20D4257246} = {E50811F3-B62A-4CB3-BF06-F3039BF7E12F}
		{D8DA7F9B-84A2-4022-A69D-D5746956E9ED} = {C42AF4D2-562A-4241-9137-0202B54579A2}
		{5BA045F3-1B59-4CCE-B030-ADE6A1AC86A8} = {E50811F3-B62A-4CB3-BF06-F3039BF7E12F}
		{981AA99B-A0A7-4F8B-86CD-FE0D298BE364} = {C42AF4D2-562A-4241-9137-0202B54579A2}
		{8B9698A1-DCDD-46C7-BA91-A123BD6A025A} = {E50811F3-B62A-4CB3-BF06-F3039BF7E12F}
	EndGlobalSection
	GlobalSection(ExtensibilityGlobals) = postSolution
		SolutionGuid = {1F758241-5AAD-480D-A515-130464F35BF7}
	EndGlobalSection
EndGlobal
